
Microsoft Visual Studio Solution File, Format Version 12.00
# Visual Studio Version 16
VisualStudioVersion = 16.0.30611.23
MinimumVisualStudioVersion = 10.0.40219.1
Project("{FAE04EC0-301F-11D3-BF4B-00C04F79EFBC}") = "Pizzeria", "Pizzeria\Pizzeria.csproj", "{B06D6747-0C02-480A-A6B7-0645ECB1ECD2}"
EndProject
Global
	GlobalSection(SolutionConfigurationPlatforms) = preSolution
		Debug|Any CPU = Debug|Any CPU
		Release|Any CPU = Release|Any CPU
	EndGlobalSection
	GlobalSection(ProjectConfigurationPlatforms) = postSolution
		{B06D6747-0C02-480A-A6B7-0645ECB1ECD2}.Debug|Any CPU.ActiveCfg = Debug|Any CPU
		{B06D6747-0C02-480A-A6B7-0645ECB1ECD2}.Debug|Any CPU.Build.0 = Debug|Any CPU
		{B06D6747-0C02-480A-A6B7-0645ECB1ECD2}.Release|Any CPU.ActiveCfg = Release|Any CPU
		{B06D6747-0C02-480A-A6B7-0645ECB1ECD2}.Release|Any CPU.Build.0 = Release|Any CPU
	EndGlobalSection
	GlobalSection(SolutionProperties) = preSolution
		HideSolutionNode = FALSE
	EndGlobalSection
	GlobalSection(ExtensibilityGlobals) = postSolution
		SolutionGuid = {1A6CDD6C-7852-4624-BDBC-1BB8AB14E360}
	EndGlobalSection
EndGlobal
